// !$*UTF8*$!
{
	archiveVersion = 1;
	classes = {
	};
	objectVersion = 51;
	objects = {

/* Begin PBXBuildFile section */
		8A7EA81DDB88F84754ECD604 /* Pods_MovieDatabase24i_MovieDatabase24iUITests.framework in Frameworks */ = {isa = PBXBuildFile; fileRef = FF4A033DD4EB665163C91960 /* Pods_MovieDatabase24i_MovieDatabase24iUITests.framework */; };
		B3061DF3245F333300EB5900 /* AppDelegate.swift in Sources */ = {isa = PBXBuildFile; fileRef = B3061DF2245F333300EB5900 /* AppDelegate.swift */; };
		B3061DF5245F333300EB5900 /* SceneDelegate.swift in Sources */ = {isa = PBXBuildFile; fileRef = B3061DF4245F333300EB5900 /* SceneDelegate.swift */; };
		B3061DF7245F333300EB5900 /* ContentView.swift in Sources */ = {isa = PBXBuildFile; fileRef = B3061DF6245F333300EB5900 /* ContentView.swift */; };
		B3061DF9245F333900EB5900 /* Assets.xcassets in Resources */ = {isa = PBXBuildFile; fileRef = B3061DF8245F333900EB5900 /* Assets.xcassets */; };
		B3061DFC245F333900EB5900 /* Preview Assets.xcassets in Resources */ = {isa = PBXBuildFile; fileRef = B3061DFB245F333900EB5900 /* Preview Assets.xcassets */; };
		B3061DFF245F333900EB5900 /* LaunchScreen.storyboard in Resources */ = {isa = PBXBuildFile; fileRef = B3061DFD245F333900EB5900 /* LaunchScreen.storyboard */; };
		B3061E0A245F333A00EB5900 /* MovieDatabase24iTests.swift in Sources */ = {isa = PBXBuildFile; fileRef = B3061E09245F333A00EB5900 /* MovieDatabase24iTests.swift */; };
		B3061E15245F333A00EB5900 /* MovieDatabase24iUITests.swift in Sources */ = {isa = PBXBuildFile; fileRef = B3061E14245F333A00EB5900 /* MovieDatabase24iUITests.swift */; };
		B7398DA8D1A0A6DCDACD7765 /* Pods_MovieDatabase24i.framework in Frameworks */ = {isa = PBXBuildFile; fileRef = 9451FEE9AC9421AAD155A4C2 /* Pods_MovieDatabase24i.framework */; };
		C97A1834C0792B8661026849 /* Pods_MovieDatabase24iTests.framework in Frameworks */ = {isa = PBXBuildFile; fileRef = EADE647CBD417094FED74EEF /* Pods_MovieDatabase24iTests.framework */; };
/* End PBXBuildFile section */

/* Begin PBXContainerItemProxy section */
		B3061E06245F333A00EB5900 /* PBXContainerItemProxy */ = {
			isa = PBXContainerItemProxy;
			containerPortal = B3061DE7245F333300EB5900 /* Project object */;
			proxyType = 1;
			remoteGlobalIDString = B3061DEE245F333300EB5900;
			remoteInfo = MovieDatabase24i;
		};
		B3061E11245F333A00EB5900 /* PBXContainerItemProxy */ = {
			isa = PBXContainerItemProxy;
			containerPortal = B3061DE7245F333300EB5900 /* Project object */;
			proxyType = 1;
			remoteGlobalIDString = B3061DEE245F333300EB5900;
			remoteInfo = MovieDatabase24i;
		};
/* End PBXContainerItemProxy section */

/* Begin PBXFileReference section */
		0163AAC39EB7ACA5AE512395 /* Pods-MovieDatabase24i-MovieDatabase24iUITests.release.xcconfig */ = {isa = PBXFileReference; includeInIndex = 1; lastKnownFileType = text.xcconfig; name = "Pods-MovieDatabase24i-MovieDatabase24iUITests.release.xcconfig"; path = "Target Support Files/Pods-MovieDatabase24i-MovieDatabase24iUITests/Pods-MovieDatabase24i-MovieDatabase24iUITests.release.xcconfig"; sourceTree = "<group>"; };
		16AB19E27F7FA6B73469BEEA /* Pods-MovieDatabase24i-MovieDatabase24iUITests.debug.xcconfig */ = {isa = PBXFileReference; includeInIndex = 1; lastKnownFileType = text.xcconfig; name = "Pods-MovieDatabase24i-MovieDatabase24iUITests.debug.xcconfig"; path = "Target Support Files/Pods-MovieDatabase24i-MovieDatabase24iUITests/Pods-MovieDatabase24i-MovieDatabase24iUITests.debug.xcconfig"; sourceTree = "<group>"; };
		3738B9B7A75569F67C6D7F92 /* Pods-MovieDatabase24i.release.xcconfig */ = {isa = PBXFileReference; includeInIndex = 1; lastKnownFileType = text.xcconfig; name = "Pods-MovieDatabase24i.release.xcconfig"; path = "Target Support Files/Pods-MovieDatabase24i/Pods-MovieDatabase24i.release.xcconfig"; sourceTree = "<group>"; };
		7DBF66F0936FC50AA0121319 /* Pods-MovieDatabase24iTests.debug.xcconfig */ = {isa = PBXFileReference; includeInIndex = 1; lastKnownFileType = text.xcconfig; name = "Pods-MovieDatabase24iTests.debug.xcconfig"; path = "Target Support Files/Pods-MovieDatabase24iTests/Pods-MovieDatabase24iTests.debug.xcconfig"; sourceTree = "<group>"; };
		8770B14AA006769021858CA0 /* Pods-MovieDatabase24iTests.release.xcconfig */ = {isa = PBXFileReference; includeInIndex = 1; lastKnownFileType = text.xcconfig; name = "Pods-MovieDatabase24iTests.release.xcconfig"; path = "Target Support Files/Pods-MovieDatabase24iTests/Pods-MovieDatabase24iTests.release.xcconfig"; sourceTree = "<group>"; };
		9451FEE9AC9421AAD155A4C2 /* Pods_MovieDatabase24i.framework */ = {isa = PBXFileReference; explicitFileType = wrapper.framework; includeInIndex = 0; path = Pods_MovieDatabase24i.framework; sourceTree = BUILT_PRODUCTS_DIR; };
		B3061DEF245F333300EB5900 /* MovieDatabase24i.app */ = {isa = PBXFileReference; explicitFileType = wrapper.application; includeInIndex = 0; path = MovieDatabase24i.app; sourceTree = BUILT_PRODUCTS_DIR; };
		B3061DF2245F333300EB5900 /* AppDelegate.swift */ = {isa = PBXFileReference; lastKnownFileType = sourcecode.swift; path = AppDelegate.swift; sourceTree = "<group>"; };
		B3061DF4245F333300EB5900 /* SceneDelegate.swift */ = {isa = PBXFileReference; lastKnownFileType = sourcecode.swift; path = SceneDelegate.swift; sourceTree = "<group>"; };
		B3061DF6245F333300EB5900 /* ContentView.swift */ = {isa = PBXFileReference; lastKnownFileType = sourcecode.swift; path = ContentView.swift; sourceTree = "<group>"; };
		B3061DF8245F333900EB5900 /* Assets.xcassets */ = {isa = PBXFileReference; lastKnownFileType = folder.assetcatalog; path = Assets.xcassets; sourceTree = "<group>"; };
		B3061DFB245F333900EB5900 /* Preview Assets.xcassets */ = {isa = PBXFileReference; lastKnownFileType = folder.assetcatalog; path = "Preview Assets.xcassets"; sourceTree = "<group>"; };
		B3061DFE245F333900EB5900 /* Base */ = {isa = PBXFileReference; lastKnownFileType = file.storyboard; name = Base; path = Base.lproj/LaunchScreen.storyboard; sourceTree = "<group>"; };
		B3061E00245F333900EB5900 /* Info.plist */ = {isa = PBXFileReference; lastKnownFileType = text.plist.xml; path = Info.plist; sourceTree = "<group>"; };
		B3061E05245F333A00EB5900 /* MovieDatabase24iTests.xctest */ = {isa = PBXFileReference; explicitFileType = wrapper.cfbundle; includeInIndex = 0; path = MovieDatabase24iTests.xctest; sourceTree = BUILT_PRODUCTS_DIR; };
		B3061E09245F333A00EB5900 /* MovieDatabase24iTests.swift */ = {isa = PBXFileReference; lastKnownFileType = sourcecode.swift; path = MovieDatabase24iTests.swift; sourceTree = "<group>"; };
		B3061E0B245F333A00EB5900 /* Info.plist */ = {isa = PBXFileReference; lastKnownFileType = text.plist.xml; path = Info.plist; sourceTree = "<group>"; };
		B3061E10245F333A00EB5900 /* MovieDatabase24iUITests.xctest */ = {isa = PBXFileReference; explicitFileType = wrapper.cfbundle; includeInIndex = 0; path = MovieDatabase24iUITests.xctest; sourceTree = BUILT_PRODUCTS_DIR; };
		B3061E14245F333A00EB5900 /* MovieDatabase24iUITests.swift */ = {isa = PBXFileReference; lastKnownFileType = sourcecode.swift; path = MovieDatabase24iUITests.swift; sourceTree = "<group>"; };
		B3061E16245F333A00EB5900 /* Info.plist */ = {isa = PBXFileReference; lastKnownFileType = text.plist.xml; path = Info.plist; sourceTree = "<group>"; };
		E22422E6A2EEE4DADAB1FEFB /* Pods-MovieDatabase24i.debug.xcconfig */ = {isa = PBXFileReference; includeInIndex = 1; lastKnownFileType = text.xcconfig; name = "Pods-MovieDatabase24i.debug.xcconfig"; path = "Target Support Files/Pods-MovieDatabase24i/Pods-MovieDatabase24i.debug.xcconfig"; sourceTree = "<group>"; };
		EADE647CBD417094FED74EEF /* Pods_MovieDatabase24iTests.framework */ = {isa = PBXFileReference; explicitFileType = wrapper.framework; includeInIndex = 0; path = Pods_MovieDatabase24iTests.framework; sourceTree = BUILT_PRODUCTS_DIR; };
		FF4A033DD4EB665163C91960 /* Pods_MovieDatabase24i_MovieDatabase24iUITests.framework */ = {isa = PBXFileReference; explicitFileType = wrapper.framework; includeInIndex = 0; path = Pods_MovieDatabase24i_MovieDatabase24iUITests.framework; sourceTree = BUILT_PRODUCTS_DIR; };
/* End PBXFileReference section */

/* Begin PBXFrameworksBuildPhase section */
		B3061DEC245F333300EB5900 /* Frameworks */ = {
			isa = PBXFrameworksBuildPhase;
			buildActionMask = 2147483647;
			files = (
				B7398DA8D1A0A6DCDACD7765 /* Pods_MovieDatabase24i.framework in Frameworks */,
			);
			runOnlyForDeploymentPostprocessing = 0;
		};
		B3061E02245F333A00EB5900 /* Frameworks */ = {
			isa = PBXFrameworksBuildPhase;
			buildActionMask = 2147483647;
			files = (
				C97A1834C0792B8661026849 /* Pods_MovieDatabase24iTests.framework in Frameworks */,
			);
			runOnlyForDeploymentPostprocessing = 0;
		};
		B3061E0D245F333A00EB5900 /* Frameworks */ = {
			isa = PBXFrameworksBuildPhase;
			buildActionMask = 2147483647;
			files = (
				8A7EA81DDB88F84754ECD604 /* Pods_MovieDatabase24i_MovieDatabase24iUITests.framework in Frameworks */,
			);
			runOnlyForDeploymentPostprocessing = 0;
		};
/* End PBXFrameworksBuildPhase section */

/* Begin PBXGroup section */
		00DA675206CC3C571AAEA576 /* Pods */ = {
			isa = PBXGroup;
			children = (
				E22422E6A2EEE4DADAB1FEFB /* Pods-MovieDatabase24i.debug.xcconfig */,
				3738B9B7A75569F67C6D7F92 /* Pods-MovieDatabase24i.release.xcconfig */,
				16AB19E27F7FA6B73469BEEA /* Pods-MovieDatabase24i-MovieDatabase24iUITests.debug.xcconfig */,
				0163AAC39EB7ACA5AE512395 /* Pods-MovieDatabase24i-MovieDatabase24iUITests.release.xcconfig */,
				7DBF66F0936FC50AA0121319 /* Pods-MovieDatabase24iTests.debug.xcconfig */,
				8770B14AA006769021858CA0 /* Pods-MovieDatabase24iTests.release.xcconfig */,
			);
			path = Pods;
			sourceTree = "<group>";
		};
		467840F383F030BA32EFDF39 /* Frameworks */ = {
			isa = PBXGroup;
			children = (
				9451FEE9AC9421AAD155A4C2 /* Pods_MovieDatabase24i.framework */,
				FF4A033DD4EB665163C91960 /* Pods_MovieDatabase24i_MovieDatabase24iUITests.framework */,
				EADE647CBD417094FED74EEF /* Pods_MovieDatabase24iTests.framework */,
			);
			name = Frameworks;
			sourceTree = "<group>";
		};
		B3061DE6245F333300EB5900 = {
			isa = PBXGroup;
			children = (
				B3061DF1245F333300EB5900 /* MovieDatabase24i */,
				B3061E08245F333A00EB5900 /* MovieDatabase24iTests */,
				B3061E13245F333A00EB5900 /* MovieDatabase24iUITests */,
				B3061DF0245F333300EB5900 /* Products */,
				00DA675206CC3C571AAEA576 /* Pods */,
				467840F383F030BA32EFDF39 /* Frameworks */,
			);
			sourceTree = "<group>";
		};
		B3061DF0245F333300EB5900 /* Products */ = {
			isa = PBXGroup;
			children = (
				B3061DEF245F333300EB5900 /* MovieDatabase24i.app */,
				B3061E05245F333A00EB5900 /* MovieDatabase24iTests.xctest */,
				B3061E10245F333A00EB5900 /* MovieDatabase24iUITests.xctest */,
			);
			name = Products;
			sourceTree = "<group>";
		};
		B3061DF1245F333300EB5900 /* MovieDatabase24i */ = {
			isa = PBXGroup;
			children = (
				B3061DF2245F333300EB5900 /* AppDelegate.swift */,
				B3061DF4245F333300EB5900 /* SceneDelegate.swift */,
				B3061DF6245F333300EB5900 /* ContentView.swift */,
				B3061DF8245F333900EB5900 /* Assets.xcassets */,
				B3061DFD245F333900EB5900 /* LaunchScreen.storyboard */,
				B3061E00245F333900EB5900 /* Info.plist */,
				B3061DFA245F333900EB5900 /* Preview Content */,
			);
			path = MovieDatabase24i;
			sourceTree = "<group>";
		};
		B3061DFA245F333900EB5900 /* Preview Content */ = {
			isa = PBXGroup;
			children = (
				B3061DFB245F333900EB5900 /* Preview Assets.xcassets */,
			);
			path = "Preview Content";
			sourceTree = "<group>";
		};
		B3061E08245F333A00EB5900 /* MovieDatabase24iTests */ = {
			isa = PBXGroup;
			children = (
				B3061E09245F333A00EB5900 /* MovieDatabase24iTests.swift */,
				B3061E0B245F333A00EB5900 /* Info.plist */,
			);
			path = MovieDatabase24iTests;
			sourceTree = "<group>";
		};
		B3061E13245F333A00EB5900 /* MovieDatabase24iUITests */ = {
			isa = PBXGroup;
			children = (
				B3061E14245F333A00EB5900 /* MovieDatabase24iUITests.swift */,
				B3061E16245F333A00EB5900 /* Info.plist */,
			);
			path = MovieDatabase24iUITests;
			sourceTree = "<group>";
		};
/* End PBXGroup section */

/* Begin PBXNativeTarget section */
		B3061DEE245F333300EB5900 /* MovieDatabase24i */ = {
			isa = PBXNativeTarget;
			buildConfigurationList = B3061E19245F333A00EB5900 /* Build configuration list for PBXNativeTarget "MovieDatabase24i" */;
			buildPhases = (
				468FEA5475425574C13AD0C6 /* [CP] Check Pods Manifest.lock */,
				B3061DEB245F333300EB5900 /* Sources */,
				B3061DEC245F333300EB5900 /* Frameworks */,
				B3061DED245F333300EB5900 /* Resources */,
				BCF754C06B03A5E5E6E25FA8 /* [CP] Embed Pods Frameworks */,
			);
			buildRules = (
			);
			dependencies = (
			);
			name = MovieDatabase24i;
			productName = MovieDatabase24i;
			productReference = B3061DEF245F333300EB5900 /* MovieDatabase24i.app */;
			productType = "com.apple.product-type.application";
		};
		B3061E04245F333A00EB5900 /* MovieDatabase24iTests */ = {
			isa = PBXNativeTarget;
			buildConfigurationList = B3061E1C245F333A00EB5900 /* Build configuration list for PBXNativeTarget "MovieDatabase24iTests" */;
			buildPhases = (
				88CBCD36540C7A0D491253C2 /* [CP] Check Pods Manifest.lock */,
				B3061E01245F333A00EB5900 /* Sources */,
				B3061E02245F333A00EB5900 /* Frameworks */,
				B3061E03245F333A00EB5900 /* Resources */,
			);
			buildRules = (
			);
			dependencies = (
				B3061E07245F333A00EB5900 /* PBXTargetDependency */,
			);
			name = MovieDatabase24iTests;
			productName = MovieDatabase24iTests;
			productReference = B3061E05245F333A00EB5900 /* MovieDatabase24iTests.xctest */;
			productType = "com.apple.product-type.bundle.unit-test";
		};
		B3061E0F245F333A00EB5900 /* MovieDatabase24iUITests */ = {
			isa = PBXNativeTarget;
			buildConfigurationList = B3061E1F245F333A00EB5900 /* Build configuration list for PBXNativeTarget "MovieDatabase24iUITests" */;
			buildPhases = (
				F39E2F7952221429403FC681 /* [CP] Check Pods Manifest.lock */,
				B3061E0C245F333A00EB5900 /* Sources */,
				B3061E0D245F333A00EB5900 /* Frameworks */,
				B3061E0E245F333A00EB5900 /* Resources */,
				2AC3228ED50466AA5DA90460 /* [CP] Embed Pods Frameworks */,
			);
			buildRules = (
			);
			dependencies = (
				B3061E12245F333A00EB5900 /* PBXTargetDependency */,
			);
			name = MovieDatabase24iUITests;
			productName = MovieDatabase24iUITests;
			productReference = B3061E10245F333A00EB5900 /* MovieDatabase24iUITests.xctest */;
			productType = "com.apple.product-type.bundle.ui-testing";
		};
/* End PBXNativeTarget section */

/* Begin PBXProject section */
		B3061DE7245F333300EB5900 /* Project object */ = {
			isa = PBXProject;
			attributes = {
				LastSwiftUpdateCheck = 1140;
				LastUpgradeCheck = 1140;
				ORGANIZATIONNAME = lukaschytilek;
				TargetAttributes = {
					B3061DEE245F333300EB5900 = {
						CreatedOnToolsVersion = 11.4;
					};
					B3061E04245F333A00EB5900 = {
						CreatedOnToolsVersion = 11.4;
						TestTargetID = B3061DEE245F333300EB5900;
					};
					B3061E0F245F333A00EB5900 = {
						CreatedOnToolsVersion = 11.4;
						TestTargetID = B3061DEE245F333300EB5900;
					};
				};
			};
			buildConfigurationList = B3061DEA245F333300EB5900 /* Build configuration list for PBXProject "MovieDatabase24i" */;
			compatibilityVersion = "Xcode 9.3";
			developmentRegion = en;
			hasScannedForEncodings = 0;
			knownRegions = (
				en,
				Base,
			);
			mainGroup = B3061DE6245F333300EB5900;
			productRefGroup = B3061DF0245F333300EB5900 /* Products */;
			projectDirPath = "";
			projectRoot = "";
			targets = (
				B3061DEE245F333300EB5900 /* MovieDatabase24i */,
				B3061E04245F333A00EB5900 /* MovieDatabase24iTests */,
				B3061E0F245F333A00EB5900 /* MovieDatabase24iUITests */,
			);
		};
/* End PBXProject section */

/* Begin PBXResourcesBuildPhase section */
		B3061DED245F333300EB5900 /* Resources */ = {
			isa = PBXResourcesBuildPhase;
			buildActionMask = 2147483647;
			files = (
				B3061DFF245F333900EB5900 /* LaunchScreen.storyboard in Resources */,
				B3061DFC245F333900EB5900 /* Preview Assets.xcassets in Resources */,
				B3061DF9245F333900EB5900 /* Assets.xcassets in Resources */,
			);
			runOnlyForDeploymentPostprocessing = 0;
		};
		B3061E03245F333A00EB5900 /* Resources */ = {
			isa = PBXResourcesBuildPhase;
			buildActionMask = 2147483647;
			files = (
			);
			runOnlyForDeploymentPostprocessing = 0;
		};
		B3061E0E245F333A00EB5900 /* Resources */ = {
			isa = PBXResourcesBuildPhase;
			buildActionMask = 2147483647;
			files = (
			);
			runOnlyForDeploymentPostprocessing = 0;
		};
/* End PBXResourcesBuildPhase section */

/* Begin PBXShellScriptBuildPhase section */
		2AC3228ED50466AA5DA90460 /* [CP] Embed Pods Frameworks */ = {
			isa = PBXShellScriptBuildPhase;
			buildActionMask = 2147483647;
			files = (
			);
			inputFileListPaths = (
				"${PODS_ROOT}/Target Support Files/Pods-MovieDatabase24i-MovieDatabase24iUITests/Pods-MovieDatabase24i-MovieDatabase24iUITests-frameworks-${CONFIGURATION}-input-files.xcfilelist",
			);
			name = "[CP] Embed Pods Frameworks";
			outputFileListPaths = (
				"${PODS_ROOT}/Target Support Files/Pods-MovieDatabase24i-MovieDatabase24iUITests/Pods-MovieDatabase24i-MovieDatabase24iUITests-frameworks-${CONFIGURATION}-output-files.xcfilelist",
			);
			runOnlyForDeploymentPostprocessing = 0;
			shellPath = /bin/sh;
			shellScript = "\"${PODS_ROOT}/Target Support Files/Pods-MovieDatabase24i-MovieDatabase24iUITests/Pods-MovieDatabase24i-MovieDatabase24iUITests-frameworks.sh\"\n";
			showEnvVarsInLog = 0;
		};
		468FEA5475425574C13AD0C6 /* [CP] Check Pods Manifest.lock */ = {
			isa = PBXShellScriptBuildPhase;
			buildActionMask = 2147483647;
			files = (
			);
			inputFileListPaths = (
			);
			inputPaths = (
				"${PODS_PODFILE_DIR_PATH}/Podfile.lock",
				"${PODS_ROOT}/Manifest.lock",
			);
			name = "[CP] Check Pods Manifest.lock";
			outputFileListPaths = (
			);
			outputPaths = (
				"$(DERIVED_FILE_DIR)/Pods-MovieDatabase24i-checkManifestLockResult.txt",
			);
			runOnlyForDeploymentPostprocessing = 0;
			shellPath = /bin/sh;
			shellScript = "diff \"${PODS_PODFILE_DIR_PATH}/Podfile.lock\" \"${PODS_ROOT}/Manifest.lock\" > /dev/null\nif [ $? != 0 ] ; then\n    # print error to STDERR\n    echo \"error: The sandbox is not in sync with the Podfile.lock. Run 'pod install' or update your CocoaPods installation.\" >&2\n    exit 1\nfi\n# This output is used by Xcode 'outputs' to avoid re-running this script phase.\necho \"SUCCESS\" > \"${SCRIPT_OUTPUT_FILE_0}\"\n";
			showEnvVarsInLog = 0;
		};
		88CBCD36540C7A0D491253C2 /* [CP] Check Pods Manifest.lock */ = {
			isa = PBXShellScriptBuildPhase;
			buildActionMask = 2147483647;
			files = (
			);
			inputFileListPaths = (
			);
			inputPaths = (
				"${PODS_PODFILE_DIR_PATH}/Podfile.lock",
				"${PODS_ROOT}/Manifest.lock",
			);
			name = "[CP] Check Pods Manifest.lock";
			outputFileListPaths = (
			);
			outputPaths = (
				"$(DERIVED_FILE_DIR)/Pods-MovieDatabase24iTests-checkManifestLockResult.txt",
			);
			runOnlyForDeploymentPostprocessing = 0;
			shellPath = /bin/sh;
			shellScript = "diff \"${PODS_PODFILE_DIR_PATH}/Podfile.lock\" \"${PODS_ROOT}/Manifest.lock\" > /dev/null\nif [ $? != 0 ] ; then\n    # print error to STDERR\n    echo \"error: The sandbox is not in sync with the Podfile.lock. Run 'pod install' or update your CocoaPods installation.\" >&2\n    exit 1\nfi\n# This output is used by Xcode 'outputs' to avoid re-running this script phase.\necho \"SUCCESS\" > \"${SCRIPT_OUTPUT_FILE_0}\"\n";
			showEnvVarsInLog = 0;
		};
		BCF754C06B03A5E5E6E25FA8 /* [CP] Embed Pods Frameworks */ = {
			isa = PBXShellScriptBuildPhase;
			buildActionMask = 2147483647;
			files = (
			);
			inputFileListPaths = (
				"${PODS_ROOT}/Target Support Files/Pods-MovieDatabase24i/Pods-MovieDatabase24i-frameworks-${CONFIGURATION}-input-files.xcfilelist",
			);
			name = "[CP] Embed Pods Frameworks";
			outputFileListPaths = (
				"${PODS_ROOT}/Target Support Files/Pods-MovieDatabase24i/Pods-MovieDatabase24i-frameworks-${CONFIGURATION}-output-files.xcfilelist",
			);
			runOnlyForDeploymentPostprocessing = 0;
			shellPath = /bin/sh;
			shellScript = "\"${PODS_ROOT}/Target Support Files/Pods-MovieDatabase24i/Pods-MovieDatabase24i-frameworks.sh\"\n";
			showEnvVarsInLog = 0;
		};
		F39E2F7952221429403FC681 /* [CP] Check Pods Manifest.lock */ = {
			isa = PBXShellScriptBuildPhase;
			buildActionMask = 2147483647;
			files = (
			);
			inputFileListPaths = (
			);
			inputPaths = (
				"${PODS_PODFILE_DIR_PATH}/Podfile.lock",
				"${PODS_ROOT}/Manifest.lock",
			);
			name = "[CP] Check Pods Manifest.lock";
			outputFileListPaths = (
			);
			outputPaths = (
				"$(DERIVED_FILE_DIR)/Pods-MovieDatabase24i-MovieDatabase24iUITests-checkManifestLockResult.txt",
			);
			runOnlyForDeploymentPostprocessing = 0;
			shellPath = /bin/sh;
			shellScript = "diff \"${PODS_PODFILE_DIR_PATH}/Podfile.lock\" \"${PODS_ROOT}/Manifest.lock\" > /dev/null\nif [ $? != 0 ] ; then\n    # print error to STDERR\n    echo \"error: The sandbox is not in sync with the Podfile.lock. Run 'pod install' or update your CocoaPods installation.\" >&2\n    exit 1\nfi\n# This output is used by Xcode 'outputs' to avoid re-running this script phase.\necho \"SUCCESS\" > \"${SCRIPT_OUTPUT_FILE_0}\"\n";
			showEnvVarsInLog = 0;
		};
/* End PBXShellScriptBuildPhase section */

/* Begin PBXSourcesBuildPhase section */
		B3061DEB245F333300EB5900 /* Sources */ = {
			isa = PBXSourcesBuildPhase;
			buildActionMask = 2147483647;
			files = (
				B3061DF3245F333300EB5900 /* AppDelegate.swift in Sources */,
				B3061DF5245F333300EB5900 /* SceneDelegate.swift in Sources */,
				B3061DF7245F333300EB5900 /* ContentView.swift in Sources */,
			);
			runOnlyForDeploymentPostprocessing = 0;
		};
		B3061E01245F333A00EB5900 /* Sources */ = {
			isa = PBXSourcesBuildPhase;
			buildActionMask = 2147483647;
			files = (
				B3061E0A245F333A00EB5900 /* MovieDatabase24iTests.swift in Sources */,
			);
			runOnlyForDeploymentPostprocessing = 0;
		};
		B3061E0C245F333A00EB5900 /* Sources */ = {
			isa = PBXSourcesBuildPhase;
			buildActionMask = 2147483647;
			files = (
				B3061E15245F333A00EB5900 /* MovieDatabase24iUITests.swift in Sources */,
			);
			runOnlyForDeploymentPostprocessing = 0;
		};
/* End PBXSourcesBuildPhase section */

/* Begin PBXTargetDependency section */
		B3061E07245F333A00EB5900 /* PBXTargetDependency */ = {
			isa = PBXTargetDependency;
			target = B3061DEE245F333300EB5900 /* MovieDatabase24i */;
			targetProxy = B3061E06245F333A00EB5900 /* PBXContainerItemProxy */;
		};
		B3061E12245F333A00EB5900 /* PBXTargetDependency */ = {
			isa = PBXTargetDependency;
			target = B3061DEE245F333300EB5900 /* MovieDatabase24i */;
			targetProxy = B3061E11245F333A00EB5900 /* PBXContainerItemProxy */;
		};
/* End PBXTargetDependency section */

/* Begin PBXVariantGroup section */
		B3061DFD245F333900EB5900 /* LaunchScreen.storyboard */ = {
			isa = PBXVariantGroup;
			children = (
				B3061DFE245F333900EB5900 /* Base */,
			);
			name = LaunchScreen.storyboard;
			sourceTree = "<group>";
		};
/* End PBXVariantGroup section */

/* Begin XCBuildConfiguration section */
		B3061E17245F333A00EB5900 /* Debug */ = {
			isa = XCBuildConfiguration;
			buildSettings = {
				ALWAYS_SEARCH_USER_PATHS = NO;
				CLANG_ANALYZER_NONNULL = YES;
				CLANG_ANALYZER_NUMBER_OBJECT_CONVERSION = YES_AGGRESSIVE;
				CLANG_CXX_LANGUAGE_STANDARD = "gnu++14";
				CLANG_CXX_LIBRARY = "libc++";
				CLANG_ENABLE_MODULES = YES;
				CLANG_ENABLE_OBJC_ARC = YES;
				CLANG_ENABLE_OBJC_WEAK = YES;
				CLANG_WARN_BLOCK_CAPTURE_AUTORELEASING = YES;
				CLANG_WARN_BOOL_CONVERSION = YES;
				CLANG_WARN_COMMA = YES;
				CLANG_WARN_CONSTANT_CONVERSION = YES;
				CLANG_WARN_DEPRECATED_OBJC_IMPLEMENTATIONS = YES;
				CLANG_WARN_DIRECT_OBJC_ISA_USAGE = YES_ERROR;
				CLANG_WARN_DOCUMENTATION_COMMENTS = YES;
				CLANG_WARN_EMPTY_BODY = YES;
				CLANG_WARN_ENUM_CONVERSION = YES;
				CLANG_WARN_INFINITE_RECURSION = YES;
				CLANG_WARN_INT_CONVERSION = YES;
				CLANG_WARN_NON_LITERAL_NULL_CONVERSION = YES;
				CLANG_WARN_OBJC_IMPLICIT_RETAIN_SELF = YES;
				CLANG_WARN_OBJC_LITERAL_CONVERSION = YES;
				CLANG_WARN_OBJC_ROOT_CLASS = YES_ERROR;
				CLANG_WARN_RANGE_LOOP_ANALYSIS = YES;
				CLANG_WARN_STRICT_PROTOTYPES = YES;
				CLANG_WARN_SUSPICIOUS_MOVE = YES;
				CLANG_WARN_UNGUARDED_AVAILABILITY = YES_AGGRESSIVE;
				CLANG_WARN_UNREACHABLE_CODE = YES;
				CLANG_WARN__DUPLICATE_METHOD_MATCH = YES;
				COPY_PHASE_STRIP = NO;
				DEBUG_INFORMATION_FORMAT = dwarf;
				ENABLE_STRICT_OBJC_MSGSEND = YES;
				ENABLE_TESTABILITY = YES;
				GCC_C_LANGUAGE_STANDARD = gnu11;
				GCC_DYNAMIC_NO_PIC = NO;
				GCC_NO_COMMON_BLOCKS = YES;
				GCC_OPTIMIZATION_LEVEL = 0;
				GCC_PREPROCESSOR_DEFINITIONS = (
					"DEBUG=1",
					"$(inherited)",
				);
				GCC_WARN_64_TO_32_BIT_CONVERSION = YES;
				GCC_WARN_ABOUT_RETURN_TYPE = YES_ERROR;
				GCC_WARN_UNDECLARED_SELECTOR = YES;
				GCC_WARN_UNINITIALIZED_AUTOS = YES_AGGRESSIVE;
				GCC_WARN_UNUSED_FUNCTION = YES;
				GCC_WARN_UNUSED_VARIABLE = YES;
				IPHONEOS_DEPLOYMENT_TARGET = 13.4;
				MTL_ENABLE_DEBUG_INFO = INCLUDE_SOURCE;
				MTL_FAST_MATH = YES;
				ONLY_ACTIVE_ARCH = YES;
				SDKROOT = iphoneos;
				SWIFT_ACTIVE_COMPILATION_CONDITIONS = DEBUG;
				SWIFT_OPTIMIZATION_LEVEL = "-Onone";
			};
			name = Debug;
		};
		B3061E18245F333A00EB5900 /* Release */ = {
			isa = XCBuildConfiguration;
			buildSettings = {
				ALWAYS_SEARCH_USER_PATHS = NO;
				CLANG_ANALYZER_NONNULL = YES;
				CLANG_ANALYZER_NUMBER_OBJECT_CONVERSION = YES_AGGRESSIVE;
				CLANG_CXX_LANGUAGE_STANDARD = "gnu++14";
				CLANG_CXX_LIBRARY = "libc++";
				CLANG_ENABLE_MODULES = YES;
				CLANG_ENABLE_OBJC_ARC = YES;
				CLANG_ENABLE_OBJC_WEAK = YES;
				CLANG_WARN_BLOCK_CAPTURE_AUTORELEASING = YES;
				CLANG_WARN_BOOL_CONVERSION = YES;
				CLANG_WARN_COMMA = YES;
				CLANG_WARN_CONSTANT_CONVERSION = YES;
				CLANG_WARN_DEPRECATED_OBJC_IMPLEMENTATIONS = YES;
				CLANG_WARN_DIRECT_OBJC_ISA_USAGE = YES_ERROR;
				CLANG_WARN_DOCUMENTATION_COMMENTS = YES;
				CLANG_WARN_EMPTY_BODY = YES;
				CLANG_WARN_ENUM_CONVERSION = YES;
				CLANG_WARN_INFINITE_RECURSION = YES;
				CLANG_WARN_INT_CONVERSION = YES;
				CLANG_WARN_NON_LITERAL_NULL_CONVERSION = YES;
				CLANG_WARN_OBJC_IMPLICIT_RETAIN_SELF = YES;
				CLANG_WARN_OBJC_LITERAL_CONVERSION = YES;
				CLANG_WARN_OBJC_ROOT_CLASS = YES_ERROR;
				CLANG_WARN_RANGE_LOOP_ANALYSIS = YES;
				CLANG_WARN_STRICT_PROTOTYPES = YES;
				CLANG_WARN_SUSPICIOUS_MOVE = YES;
				CLANG_WARN_UNGUARDED_AVAILABILITY = YES_AGGRESSIVE;
				CLANG_WARN_UNREACHABLE_CODE = YES;
				CLANG_WARN__DUPLICATE_METHOD_MATCH = YES;
				COPY_PHASE_STRIP = NO;
				DEBUG_INFORMATION_FORMAT = "dwarf-with-dsym";
				ENABLE_NS_ASSERTIONS = NO;
				ENABLE_STRICT_OBJC_MSGSEND = YES;
				GCC_C_LANGUAGE_STANDARD = gnu11;
				GCC_NO_COMMON_BLOCKS = YES;
				GCC_WARN_64_TO_32_BIT_CONVERSION = YES;
				GCC_WARN_ABOUT_RETURN_TYPE = YES_ERROR;
				GCC_WARN_UNDECLARED_SELECTOR = YES;
				GCC_WARN_UNINITIALIZED_AUTOS = YES_AGGRESSIVE;
				GCC_WARN_UNUSED_FUNCTION = YES;
				GCC_WARN_UNUSED_VARIABLE = YES;
				IPHONEOS_DEPLOYMENT_TARGET = 13.4;
				MTL_ENABLE_DEBUG_INFO = NO;
				MTL_FAST_MATH = YES;
				SDKROOT = iphoneos;
				SWIFT_COMPILATION_MODE = wholemodule;
				SWIFT_OPTIMIZATION_LEVEL = "-O";
				VALIDATE_PRODUCT = YES;
			};
			name = Release;
		};
		B3061E1A245F333A00EB5900 /* Debug */ = {
			isa = XCBuildConfiguration;
			baseConfigurationReference = E22422E6A2EEE4DADAB1FEFB /* Pods-MovieDatabase24i.debug.xcconfig */;
			buildSettings = {
				ASSETCATALOG_COMPILER_APPICON_NAME = AppIcon;
				CODE_SIGN_STYLE = Automatic;
				DEVELOPMENT_ASSET_PATHS = "\"MovieDatabase24i/Preview Content\"";
				ENABLE_PREVIEWS = YES;
				INFOPLIST_FILE = MovieDatabase24i/Info.plist;
				IPHONEOS_DEPLOYMENT_TARGET = 10.0;
				LD_RUNPATH_SEARCH_PATHS = (
					"$(inherited)",
					"@executable_path/Frameworks",
				);
				PRODUCT_BUNDLE_IDENTIFIER = cz.lukaschytilek.MovieDatabase24i;
				PRODUCT_NAME = "$(TARGET_NAME)";
				SWIFT_VERSION = 5.0;
				TARGETED_DEVICE_FAMILY = "1,2";
			};
			name = Debug;
		};
		B3061E1B245F333A00EB5900 /* Release */ = {
			isa = XCBuildConfiguration;
			baseConfigurationReference = 3738B9B7A75569F67C6D7F92 /* Pods-MovieDatabase24i.release.xcconfig */;
			buildSettings = {
				ASSETCATALOG_COMPILER_APPICON_NAME = AppIcon;
				CODE_SIGN_STYLE = Automatic;
				DEVELOPMENT_ASSET_PATHS = "\"MovieDatabase24i/Preview Content\"";
				ENABLE_PREVIEWS = YES;
				INFOPLIST_FILE = MovieDatabase24i/Info.plist;
				IPHONEOS_DEPLOYMENT_TARGET = 10.0;
				LD_RUNPATH_SEARCH_PATHS = (
					"$(inherited)",
					"@executable_path/Frameworks",
				);
				PRODUCT_BUNDLE_IDENTIFIER = cz.lukaschytilek.MovieDatabase24i;
				PRODUCT_NAME = "$(TARGET_NAME)";
				SWIFT_VERSION = 5.0;
				TARGETED_DEVICE_FAMILY = "1,2";
			};
			name = Release;
		};
		B3061E1D245F333A00EB5900 /* Debug */ = {
			isa = XCBuildConfiguration;
			baseConfigurationReference = 7DBF66F0936FC50AA0121319 /* Pods-MovieDatabase24iTests.debug.xcconfig */;
			buildSettings = {
				ALWAYS_EMBED_SWIFT_STANDARD_LIBRARIES = YES;
				BUNDLE_LOADER = "$(TEST_HOST)";
				CODE_SIGN_STYLE = Automatic;
				INFOPLIST_FILE = MovieDatabase24iTests/Info.plist;
				IPHONEOS_DEPLOYMENT_TARGET = 13.4;
				LD_RUNPATH_SEARCH_PATHS = (
					"$(inherited)",
					"@executable_path/Frameworks",
					"@loader_path/Frameworks",
				);
				PRODUCT_BUNDLE_IDENTIFIER = cz.lukaschytilek.MovieDatabase24iTests;
				PRODUCT_NAME = "$(TARGET_NAME)";
				SWIFT_VERSION = 5.0;
				TARGETED_DEVICE_FAMILY = "1,2";
				TEST_HOST = "$(BUILT_PRODUCTS_DIR)/MovieDatabase24i.app/MovieDatabase24i";
			};
			name = Debug;
		};
		B3061E1E245F333A00EB5900 /* Release */ = {
			isa = XCBuildConfiguration;
			baseConfigurationReference = 8770B14AA006769021858CA0 /* Pods-MovieDatabase24iTests.release.xcconfig */;
			buildSettings = {
				ALWAYS_EMBED_SWIFT_STANDARD_LIBRARIES = YES;
				BUNDLE_LOADER = "$(TEST_HOST)";
				CODE_SIGN_STYLE = Automatic;
				INFOPLIST_FILE = MovieDatabase24iTests/Info.plist;
				IPHONEOS_DEPLOYMENT_TARGET = 13.4;
				LD_RUNPATH_SEARCH_PATHS = (
					"$(inherited)",
					"@executable_path/Frameworks",
					"@loader_path/Frameworks",
				);
				PRODUCT_BUNDLE_IDENTIFIER = cz.lukaschytilek.MovieDatabase24iTests;
				PRODUCT_NAME = "$(TARGET_NAME)";
				SWIFT_VERSION = 5.0;
				TARGETED_DEVICE_FAMILY = "1,2";
				TEST_HOST = "$(BUILT_PRODUCTS_DIR)/MovieDatabase24i.app/MovieDatabase24i";
			};
			name = Release;
		};
		B3061E20245F333A00EB5900 /* Debug */ = {
			isa = XCBuildConfiguration;
			baseConfigurationReference = 16AB19E27F7FA6B73469BEEA /* Pods-MovieDatabase24i-MovieDatabase24iUITests.debug.xcconfig */;
			buildSettings = {
				ALWAYS_EMBED_SWIFT_STANDARD_LIBRARIES = YES;
				CODE_SIGN_STYLE = Automatic;
				INFOPLIST_FILE = MovieDatabase24iUITests/Info.plist;
				LD_RUNPATH_SEARCH_PATHS = (
					"$(inherited)",
					"@executable_path/Frameworks",
					"@loader_path/Frameworks",
				);
				PRODUCT_BUNDLE_IDENTIFIER = cz.lukaschytilek.MovieDatabase24iUITests;
				PRODUCT_NAME = "$(TARGET_NAME)";
				SWIFT_VERSION = 5.0;
				TARGETED_DEVICE_FAMILY = "1,2";
				TEST_TARGET_NAME = MovieDatabase24i;
			};
			name = Debug;
		};
		B3061E21245F333A00EB5900 /* Release */ = {
			isa = XCBuildConfiguration;
			baseConfigurationReference = 0163AAC39EB7ACA5AE512395 /* Pods-MovieDatabase24i-MovieDatabase24iUITests.release.xcconfig */;
			buildSettings = {
				ALWAYS_EMBED_SWIFT_STANDARD_LIBRARIES = YES;
				CODE_SIGN_STYLE = Automatic;
				INFOPLIST_FILE = MovieDatabase24iUITests/Info.plist;
				LD_RUNPATH_SEARCH_PATHS = (
					"$(inherited)",
					"@executable_path/Frameworks",
					"@loader_path/Frameworks",
				);
				PRODUCT_BUNDLE_IDENTIFIER = cz.lukaschytilek.MovieDatabase24iUITests;
				PRODUCT_NAME = "$(TARGET_NAME)";
				SWIFT_VERSION = 5.0;
				TARGETED_DEVICE_FAMILY = "1,2";
				TEST_TARGET_NAME = MovieDatabase24i;
			};
			name = Release;
		};
/* End XCBuildConfiguration section */

/* Begin XCConfigurationList section */
		B3061DEA245F333300EB5900 /* Build configuration list for PBXProject "MovieDatabase24i" */ = {
			isa = XCConfigurationList;
			buildConfigurations = (
				B3061E17245F333A00EB5900 /* Debug */,
				B3061E18245F333A00EB5900 /* Release */,
			);
			defaultConfigurationIsVisible = 0;
			defaultConfigurationName = Release;
		};
		B3061E19245F333A00EB5900 /* Build configuration list for PBXNativeTarget "MovieDatabase24i" */ = {
			isa = XCConfigurationList;
			buildConfigurations = (
				B3061E1A245F333A00EB5900 /* Debug */,
				B3061E1B245F333A00EB5900 /* Release */,
			);
			defaultConfigurationIsVisible = 0;
			defaultConfigurationName = Release;
		};
		B3061E1C245F333A00EB5900 /* Build configuration list for PBXNativeTarget "MovieDatabase24iTests" */ = {
			isa = XCConfigurationList;
			buildConfigurations = (
				B3061E1D245F333A00EB5900 /* Debug */,
				B3061E1E245F333A00EB5900 /* Release */,
			);
			defaultConfigurationIsVisible = 0;
			defaultConfigurationName = Release;
		};
		B3061E1F245F333A00EB5900 /* Build configuration list for PBXNativeTarget "MovieDatabase24iUITests" */ = {
			isa = XCConfigurationList;
			buildConfigurations = (
				B3061E20245F333A00EB5900 /* Debug */,
				B3061E21245F333A00EB5900 /* Release */,
			);
			defaultConfigurationIsVisible = 0;
			defaultConfigurationName = Release;
		};
/* End XCConfigurationList section */
	};
	rootObject = B3061DE7245F333300EB5900 /* Project object */;
}
